
Microsoft Visual Studio Solution File, Format Version 12.00
# Visual Studio Version 17
VisualStudioVersion = 17.6.33815.320
MinimumVisualStudioVersion = 10.0.40219.1
Project("{FAE04EC0-301F-11D3-BF4B-00C04F79EFBC}") = "Akhmetova_Tours", "Akhmetova_Tours\Akhmetova_Tours.csproj", "{BF889AC8-B0D2-4766-BC49-8DCEFC77024D}"
EndProject
Global
	GlobalSection(SolutionConfigurationPlatforms) = preSolution
		Debug|Any CPU = Debug|Any CPU
		Release|Any CPU = Release|Any CPU
	EndGlobalSection
	GlobalSection(ProjectConfigurationPlatforms) = postSolution
		{BF889AC8-B0D2-4766-BC49-8DCEFC77024D}.Debug|Any CPU.ActiveCfg = Debug|Any CPU
		{BF889AC8-B0D2-4766-BC49-8DCEFC77024D}.Debug|Any CPU.Build.0 = Debug|Any CPU
		{BF889AC8-B0D2-4766-BC49-8DCEFC77024D}.Release|Any CPU.ActiveCfg = Release|Any CPU
		{BF889AC8-B0D2-4766-BC49-8DCEFC77024D}.Release|Any CPU.Build.0 = Release|Any CPU
	EndGlobalSection
	GlobalSection(SolutionProperties) = preSolution
		HideSolutionNode = FALSE
	EndGlobalSection
	GlobalSection(ExtensibilityGlobals) = postSolution
		SolutionGuid = {176AE89C-73E6-4AE3-8832-1B06822CA944}
	EndGlobalSection
EndGlobal
